
Microsoft Visual Studio Solution File, Format Version 12.00
# Visual Studio Version 17
VisualStudioVersion = 17.0.31903.59
MinimumVisualStudioVersion = 10.0.40219.1
Project("{2150E333-8FDC-42A3-9474-1A3956D46DE8}") = "Src", "Src", "{8A788A74-32D8-44A3-8DB2-885D63DCA4C3}"
EndProject
Project("{FAE04EC0-301F-11D3-BF4B-00C04F79EFBC}") = "MentalHealthcare.API", "Src\MentalHealthcare.API\MentalHealthcare.API.csproj", "{087BDD2D-3850-4BE8-B586-51A4CCE67A17}"
EndProject
Project("{FAE04EC0-301F-11D3-BF4B-00C04F79EFBC}") = "MentalHealthcare.Domain", "Src\MentalHealthcare.Domain\MentalHealthcare.Domain.csproj", "{94448DFE-FBF0-4EB8-B343-F3DEDE556493}"
EndProject
Project("{FAE04EC0-301F-11D3-BF4B-00C04F79EFBC}") = "MentalHealthcare.Infrastructure", "Src\MentalHealthcare.Infrastructure\MentalHealthcare.Infrastructure.csproj", "{CF50146B-517B-471F-AC69-8840271FDCFF}"
EndProject
Project("{FAE04EC0-301F-11D3-BF4B-00C04F79EFBC}") = "MentalHealthcare.Application", "Src\MentalHealthcare.Application\MentalHealthcare.Application.csproj", "{9B092769-C649-45D0-9681-84E0F10BF41F}"
EndProject
Global
	GlobalSection(SolutionConfigurationPlatforms) = preSolution
		Debug|Any CPU = Debug|Any CPU
		Release|Any CPU = Release|Any CPU
	EndGlobalSection
	GlobalSection(SolutionProperties) = preSolution
		HideSolutionNode = FALSE
	EndGlobalSection
	GlobalSection(ProjectConfigurationPlatforms) = postSolution
		{087BDD2D-3850-4BE8-B586-51A4CCE67A17}.Debug|Any CPU.ActiveCfg = Debug|Any CPU
		{087BDD2D-3850-4BE8-B586-51A4CCE67A17}.Debug|Any CPU.Build.0 = Debug|Any CPU
		{087BDD2D-3850-4BE8-B586-51A4CCE67A17}.Release|Any CPU.ActiveCfg = Release|Any CPU
		{087BDD2D-3850-4BE8-B586-51A4CCE67A17}.Release|Any CPU.Build.0 = Release|Any CPU
		{94448DFE-FBF0-4EB8-B343-F3DEDE556493}.Debug|Any CPU.ActiveCfg = Debug|Any CPU
		{94448DFE-FBF0-4EB8-B343-F3DEDE556493}.Debug|Any CPU.Build.0 = Debug|Any CPU
		{94448DFE-FBF0-4EB8-B343-F3DEDE556493}.Release|Any CPU.ActiveCfg = Release|Any CPU
		{94448DFE-FBF0-4EB8-B343-F3DEDE556493}.Release|Any CPU.Build.0 = Release|Any CPU
		{CF50146B-517B-471F-AC69-8840271FDCFF}.Debug|Any CPU.ActiveCfg = Debug|Any CPU
		{CF50146B-517B-471F-AC69-8840271FDCFF}.Debug|Any CPU.Build.0 = Debug|Any CPU
		{CF50146B-517B-471F-AC69-8840271FDCFF}.Release|Any CPU.ActiveCfg = Release|Any CPU
		{CF50146B-517B-471F-AC69-8840271FDCFF}.Release|Any CPU.Build.0 = Release|Any CPU
		{9B092769-C649-45D0-9681-84E0F10BF41F}.Debug|Any CPU.ActiveCfg = Debug|Any CPU
		{9B092769-C649-45D0-9681-84E0F10BF41F}.Debug|Any CPU.Build.0 = Debug|Any CPU
		{9B092769-C649-45D0-9681-84E0F10BF41F}.Release|Any CPU.ActiveCfg = Release|Any CPU
		{9B092769-C649-45D0-9681-84E0F10BF41F}.Release|Any CPU.Build.0 = Release|Any CPU
	EndGlobalSection
	GlobalSection(NestedProjects) = preSolution
		{087BDD2D-3850-4BE8-B586-51A4CCE67A17} = {8A788A74-32D8-44A3-8DB2-885D63DCA4C3}
		{94448DFE-FBF0-4EB8-B343-F3DEDE556493} = {8A788A74-32D8-44A3-8DB2-885D63DCA4C3}
		{CF50146B-517B-471F-AC69-8840271FDCFF} = {8A788A74-32D8-44A3-8DB2-885D63DCA4C3}
		{9B092769-C649-45D0-9681-84E0F10BF41F} = {8A788A74-32D8-44A3-8DB2-885D63DCA4C3}
	EndGlobalSection
EndGlobal
